PODS:
  - FBSnapshotTestCase (1.4)
  - UIImageBlend (0.1.0)

DEPENDENCIES:
  - FBSnapshotTestCase
  - UIImageBlend (from `../`)

EXTERNAL SOURCES:
  UIImageBlend:
    :path: ../

SPEC CHECKSUMS:
  FBSnapshotTestCase: f9f225b5ba11c8d8c09075590490df16314e4d62
  UIImageBlend: 51fbb2ca02f0c45f1394197e60ab3f8b90f7ce12

COCOAPODS: 0.35.0.rc1
